
Microsoft Visual Studio Solution File, Format Version 12.00
# Visual Studio 15
VisualStudioVersion = 15.0.26430.16
MinimumVisualStudioVersion = 10.0.40219.1
Project("{2150E333-8FDC-42A3-9474-1A3956D46DE8}") = "v2-linux", "v2-linux", "{0E7EA9E1-2DBB-4906-83CF-622872D68B8B}"
EndProject
Project("{8BC9CEB8-8B4A-11D0-8D11-00A0C91BC942}") = "Eric-Client-v2-Linux", "Eric-Client-v2-Linux\Eric-Client-v2-Linux.vcxproj", "{496BF98F-A78F-486F-9142-ED0882E89DDE}"
EndProject
Project("{8BC9CEB8-8B4A-11D0-8D11-00A0C91BC942}") = "Eric-Server-v2-Linux", "Eric-Server-v2-Linux\Eric-Server-v2-Linux.vcxproj", "{E6C57FD6-2699-4E9F-8A63-C92483365CA6}"
EndProject
Global
	GlobalSection(SolutionConfigurationPlatforms) = preSolution
		Debug|x64 = Debug|x64
		Debug|x86 = Debug|x86
		Release|x64 = Release|x64
		Release|x86 = Release|x86
	EndGlobalSection
	GlobalSection(ProjectConfigurationPlatforms) = postSolution
		{496BF98F-A78F-486F-9142-ED0882E89DDE}.Debug|x64.ActiveCfg = Debug|x64
		{496BF98F-A78F-486F-9142-ED0882E89DDE}.Debug|x64.Build.0 = Debug|x64
		{496BF98F-A78F-486F-9142-ED0882E89DDE}.Debug|x86.ActiveCfg = Debug|Win32
		{496BF98F-A78F-486F-9142-ED0882E89DDE}.Debug|x86.Build.0 = Debug|Win32
		{496BF98F-A78F-486F-9142-ED0882E89DDE}.Release|x64.ActiveCfg = Release|x64
		{496BF98F-A78F-486F-9142-ED0882E89DDE}.Release|x64.Build.0 = Release|x64
		{496BF98F-A78F-486F-9142-ED0882E89DDE}.Release|x86.ActiveCfg = Release|Win32
		{496BF98F-A78F-486F-9142-ED0882E89DDE}.Release|x86.Build.0 = Release|Win32
		{E6C57FD6-2699-4E9F-8A63-C92483365CA6}.Debug|x64.ActiveCfg = Debug|x64
		{E6C57FD6-2699-4E9F-8A63-C92483365CA6}.Debug|x64.Build.0 = Debug|x64
		{E6C57FD6-2699-4E9F-8A63-C92483365CA6}.Debug|x86.ActiveCfg = Debug|Win32
		{E6C57FD6-2699-4E9F-8A63-C92483365CA6}.Debug|x86.Build.0 = Debug|Win32
		{E6C57FD6-2699-4E9F-8A63-C92483365CA6}.Release|x64.ActiveCfg = Release|x64
		{E6C57FD6-2699-4E9F-8A63-C92483365CA6}.Release|x64.Build.0 = Release|x64
		{E6C57FD6-2699-4E9F-8A63-C92483365CA6}.Release|x86.ActiveCfg = Release|Win32
		{E6C57FD6-2699-4E9F-8A63-C92483365CA6}.Release|x86.Build.0 = Release|Win32
	EndGlobalSection
	GlobalSection(SolutionProperties) = preSolution
		HideSolutionNode = FALSE
	EndGlobalSection
	GlobalSection(NestedProjects) = preSolution
		{496BF98F-A78F-486F-9142-ED0882E89DDE} = {0E7EA9E1-2DBB-4906-83CF-622872D68B8B}
		{E6C57FD6-2699-4E9F-8A63-C92483365CA6} = {0E7EA9E1-2DBB-4906-83CF-622872D68B8B}
	EndGlobalSection
EndGlobal
